
Microsoft Visual Studio Solution File, Format Version 12.00
# Visual Studio Version 17
VisualStudioVersion = 17.12.35527.113
MinimumVisualStudioVersion = 10.0.40219.1
Project("{FAE04EC0-301F-11D3-BF4B-00C04F79EFBC}") = "e94115011_practice_8", "e94115011_practice_8\e94115011_practice_8.csproj", "{B98EE9BD-736B-4933-BAE1-FEF1956ED6AE}"
EndProject
Global
	GlobalSection(SolutionConfigurationPlatforms) = preSolution
		Debug|Any CPU = Debug|Any CPU
		Release|Any CPU = Release|Any CPU
	EndGlobalSection
	GlobalSection(ProjectConfigurationPlatforms) = postSolution
		{B98EE9BD-736B-4933-BAE1-FEF1956ED6AE}.Debug|Any CPU.ActiveCfg = Debug|Any CPU
		{B98EE9BD-736B-4933-BAE1-FEF1956ED6AE}.Debug|Any CPU.Build.0 = Debug|Any CPU
		{B98EE9BD-736B-4933-BAE1-FEF1956ED6AE}.Release|Any CPU.ActiveCfg = Release|Any CPU
		{B98EE9BD-736B-4933-BAE1-FEF1956ED6AE}.Release|Any CPU.Build.0 = Release|Any CPU
	EndGlobalSection
	GlobalSection(SolutionProperties) = preSolution
		HideSolutionNode = FALSE
	EndGlobalSection
EndGlobal
